schema-version = 1

[sdk]
name = "bottlerocket-sdk"
version = "0.44.0"
vendor = "bottlerocket"
source = "public.ecr.aws/bottlerocket/bottlerocket-sdk:v0.44.0"
digest = "SmbHUbXs8JjYbJu8BwPcw5Tb0qzYI3iKzABgsF6+oXo="

[[kit]]
name = "bottlerocket-core-kit"
version = "2.5.0"
vendor = "giinglis"
source = "458358962224.dkr.ecr.us-west-2.amazonaws.com/bottlerocket-core-kit:v2.5.0"
digest = "qbBsR3WN5MWUx4+06ZvbwhBWK17Y6czZr/Lv90lWSQ4="
