schema-version = 1

[sdk]
name = "bottlerocket-sdk"
version = "0.50.1"
vendor = "bottlerocket"
source = "public.ecr.aws/bottlerocket/bottlerocket-sdk:v0.50.1"
digest = "HEh3Lx3F6P4OEPnFubF++RMpMW2vlfp/Tc/tGjnBRcM="

[[kit]]
name = "bottlerocket-kernel-kit"
version = "1.0.6"
vendor = "bottlerocket"
source = "public.ecr.aws/bottlerocket/bottlerocket-kernel-kit:v1.0.6"
digest = "xnixe91yqOdD0iDPSwa0fKnAaCDzU6nwzw1XL+3pbyI="

[[kit]]
name = "bottlerocket-core-kit"
version = "5.4.2"
vendor = "giinglis"
source = "458358962224.dkr.ecr.us-west-2.amazonaws.com/bottlerocket-core-kit:v5.4.2"
digest = "E/JsuQu3qZgvjYUbQjL72rVEgxhjoC1qw8hQ5MQTiR0="
